
Microsoft Visual Studio Solution File, Format Version 12.00
# Visual Studio 15
VisualStudioVersion = 15.0.27004.2006
MinimumVisualStudioVersion = 10.0.40219.1
Project("{9A19103F-16F7-4668-BE54-9A1E7A4F7556}") = "WebServer", "WebServer\WebServer.csproj", "{72911109-BEDB-43A3-9747-05BE33389BD1}"
EndProject
Project("{9A19103F-16F7-4668-BE54-9A1E7A4F7556}") = "SimpleMvc.Framework", "SimpleMvc.Framework\SimpleMvc.Framework.csproj", "{A6568A68-AD6B-4E98-8C1E-EBFDDADE99FF}"
EndProject
Project("{9A19103F-16F7-4668-BE54-9A1E7A4F7556}") = "SimpleMvc.Framework.Tests", "SimpleMvc.Framework.Tests\SimpleMvc.Framework.Tests.csproj", "{160FB83B-1C5C-4E68-87B1-C3776E53BD6D}"
EndProject
Project("{9A19103F-16F7-4668-BE54-9A1E7A4F7556}") = "SimpleMvc.Common", "SimpleMvc.Common\SimpleMvc.Common.csproj", "{97E8CA85-D94A-4F7A-BE26-9E7D421D0899}"
EndProject
Project("{FAE04EC0-301F-11D3-BF4B-00C04F79EFBC}") = "MeTube.App", "MeTube.App\MeTube.App.csproj", "{54ECCB5E-7DD7-4F31-94C3-AF8440E87D48}"
EndProject
Project("{FAE04EC0-301F-11D3-BF4B-00C04F79EFBC}") = "MeTube.Data", "MeTube.Data\MeTube.Data.csproj", "{41E5F9D0-B533-4388-9089-8704220421F6}"
EndProject
Project("{FAE04EC0-301F-11D3-BF4B-00C04F79EFBC}") = "MeTube.Models", "MeTube.Models\MeTube.Models.csproj", "{455F2A61-16FD-4864-BFFD-33E9A4CADF65}"
EndProject
Project("{FAE04EC0-301F-11D3-BF4B-00C04F79EFBC}") = "Services", "Services\Services.csproj", "{FA69D699-EB6A-4BFF-A0A8-2E9452C57732}"
EndProject
Global
	GlobalSection(SolutionConfigurationPlatforms) = preSolution
		Debug|Any CPU = Debug|Any CPU
		Release|Any CPU = Release|Any CPU
	EndGlobalSection
	GlobalSection(ProjectConfigurationPlatforms) = postSolution
		{72911109-BEDB-43A3-9747-05BE33389BD1}.Debug|Any CPU.ActiveCfg = Debug|Any CPU
		{72911109-BEDB-43A3-9747-05BE33389BD1}.Debug|Any CPU.Build.0 = Debug|Any CPU
		{72911109-BEDB-43A3-9747-05BE33389BD1}.Release|Any CPU.ActiveCfg = Release|Any CPU
		{72911109-BEDB-43A3-9747-05BE33389BD1}.Release|Any CPU.Build.0 = Release|Any CPU
		{A6568A68-AD6B-4E98-8C1E-EBFDDADE99FF}.Debug|Any CPU.ActiveCfg = Debug|Any CPU
		{A6568A68-AD6B-4E98-8C1E-EBFDDADE99FF}.Debug|Any CPU.Build.0 = Debug|Any CPU
		{A6568A68-AD6B-4E98-8C1E-EBFDDADE99FF}.Release|Any CPU.ActiveCfg = Release|Any CPU
		{A6568A68-AD6B-4E98-8C1E-EBFDDADE99FF}.Release|Any CPU.Build.0 = Release|Any CPU
		{160FB83B-1C5C-4E68-87B1-C3776E53BD6D}.Debug|Any CPU.ActiveCfg = Debug|Any CPU
		{160FB83B-1C5C-4E68-87B1-C3776E53BD6D}.Debug|Any CPU.Build.0 = Debug|Any CPU
		{160FB83B-1C5C-4E68-87B1-C3776E53BD6D}.Release|Any CPU.ActiveCfg = Release|Any CPU
		{160FB83B-1C5C-4E68-87B1-C3776E53BD6D}.Release|Any CPU.Build.0 = Release|Any CPU
		{97E8CA85-D94A-4F7A-BE26-9E7D421D0899}.Debug|Any CPU.ActiveCfg = Debug|Any CPU
		{97E8CA85-D94A-4F7A-BE26-9E7D421D0899}.Debug|Any CPU.Build.0 = Debug|Any CPU
		{97E8CA85-D94A-4F7A-BE26-9E7D421D0899}.Release|Any CPU.ActiveCfg = Release|Any CPU
		{97E8CA85-D94A-4F7A-BE26-9E7D421D0899}.Release|Any CPU.Build.0 = Release|Any CPU
		{54ECCB5E-7DD7-4F31-94C3-AF8440E87D48}.Debug|Any CPU.ActiveCfg = Debug|Any CPU
		{54ECCB5E-7DD7-4F31-94C3-AF8440E87D48}.Debug|Any CPU.Build.0 = Debug|Any CPU
		{54ECCB5E-7DD7-4F31-94C3-AF8440E87D48}.Release|Any CPU.ActiveCfg = Release|Any CPU
		{54ECCB5E-7DD7-4F31-94C3-AF8440E87D48}.Release|Any CPU.Build.0 = Release|Any CPU
		{41E5F9D0-B533-4388-9089-8704220421F6}.Debug|Any CPU.ActiveCfg = Debug|Any CPU
		{41E5F9D0-B533-4388-9089-8704220421F6}.Debug|Any CPU.Build.0 = Debug|Any CPU
		{41E5F9D0-B533-4388-9089-8704220421F6}.Release|Any CPU.ActiveCfg = Release|Any CPU
		{41E5F9D0-B533-4388-9089-8704220421F6}.Release|Any CPU.Build.0 = Release|Any CPU
		{455F2A61-16FD-4864-BFFD-33E9A4CADF65}.Debug|Any CPU.ActiveCfg = Debug|Any CPU
		{455F2A61-16FD-4864-BFFD-33E9A4CADF65}.Debug|Any CPU.Build.0 = Debug|Any CPU
		{455F2A61-16FD-4864-BFFD-33E9A4CADF65}.Release|Any CPU.ActiveCfg = Release|Any CPU
		{455F2A61-16FD-4864-BFFD-33E9A4CADF65}.Release|Any CPU.Build.0 = Release|Any CPU
		{FA69D699-EB6A-4BFF-A0A8-2E9452C57732}.Debug|Any CPU.ActiveCfg = Debug|Any CPU
		{FA69D699-EB6A-4BFF-A0A8-2E9452C57732}.Debug|Any CPU.Build.0 = Debug|Any CPU
		{FA69D699-EB6A-4BFF-A0A8-2E9452C57732}.Release|Any CPU.ActiveCfg = Release|Any CPU
		{FA69D699-EB6A-4BFF-A0A8-2E9452C57732}.Release|Any CPU.Build.0 = Release|Any CPU
	EndGlobalSection
	GlobalSection(SolutionProperties) = preSolution
		HideSolutionNode = FALSE
	EndGlobalSection
	GlobalSection(ExtensibilityGlobals) = postSolution
		SolutionGuid = {3ABA898C-743A-4BCB-94FE-871C34896B4B}
	EndGlobalSection
EndGlobal
